{
    "_readme": [
        "This file locks the dependencies of your project to a known state",
        "Read more about it at https://getcomposer.org/doc/01-basic-usage.md#composer-lock-the-lock-file",
        "This file is @generated automatically"
    ],
    "hash": "fb0869e9a25bd00a709623163139a785",
    "content-hash": "b808bcdfa8820b86d462524073f81b24",
    "packages": [
        {
            "name": "mnsami/composer-custom-directory-installer",
            "version": "1.1.0",
            "source": {
                "type": "git",
                "url": "https://github.com/mnsami/composer-custom-directory-installer.git",
                "reference": "0d4a476e54063f0da191224a27e505f5ad6e15ff"
            },
            "dist": {
                "type": "zip",
                "url": "https://api.github.com/repos/mnsami/composer-custom-directory-installer/zipball/0d4a476e54063f0da191224a27e505f5ad6e15ff",
                "reference": "0d4a476e54063f0da191224a27e505f5ad6e15ff",
                "shasum": ""
            },
            "require": {
                "composer-plugin-api": "^1.0",
                "php": ">=5.3"
            },
            "type": "composer-plugin",
            "extra": {
                "class": [
                    "Composer\\CustomDirectoryInstaller\\LibraryPlugin",
                    "Composer\\CustomDirectoryInstaller\\PearPlugin",
                    "Composer\\CustomDirectoryInstaller\\PluginPlugin",
                    "Composer\\CustomDirectoryInstaller\\MetapackagePlugin"
                ],
                "branch-alias": {
                    "dev-master": "1.1.x-dev"
                }
            },
            "autoload": {
                "psr-0": {
                    "Composer\\CustomDirectoryInstaller": "src/"
                }
            },
            "notification-url": "https://packagist.org/downloads/",
            "license": [
                "MIT"
            ],
            "authors": [
                {
                    "name": "Mina Nabil Sami",
                    "email": "mina.nsami@gmail.com"
                }
            ],
            "description": "A composer plugin, to help install packages of different types in custom paths.",
            "keywords": [
                "composer",
                "composer-installer",
                "composer-plugin"
            ],
            "time": "2016-02-04 14:48:35"
        },
        {
            "name": "owl/tagbox",
            "version": "dev-master",
            "source": {
                "type": "git",
                "url": "https://github.com/october-widgets/tagbox.git",
                "reference": "9ed118d04764139c1071b05d301cf933a770da8d"
            },
            "dist": {
                "type": "zip",
                "url": "https://api.github.com/repos/october-widgets/tagbox/zipball/9ed118d04764139c1071b05d301cf933a770da8d",
                "reference": "9ed118d04764139c1071b05d301cf933a770da8d",
                "shasum": ""
            },
            "require": {
                "php": ">=5.4.0"
            },
            "type": "library",
            "extra": {
                "branch-alias": {
                    "dev-master": "1.0-dev"
                }
            },
            "autoload": {
                "psr-4": {
                    "Owl\\FormWidgets\\Tagbox\\": ""
                }
            },
            "notification-url": "https://packagist.org/downloads/",
            "license": [
                "MIT"
            ],
            "authors": [
                {
                    "name": "Scott Bedard",
                    "email": "scottbedard90@gmail.com"
                }
            ],
            "description": "Tag form widget for OctoberCMS.",
            "homepage": "http://github.com/october-widgets",
            "keywords": [
                "october",
                "october cms",
                "owl",
                "tagbox"
            ],
            "time": "2015-04-14 19:11:32"
        }
    ],
    "packages-dev": [],
    "aliases": [],
    "minimum-stability": "stable",
    "stability-flags": {
        "owl/tagbox": 20
    },
    "prefer-stable": false,
    "prefer-lowest": false,
    "platform": {
        "php": ">=5.4.0"
    },
    "platform-dev": []
}
