{
    "_readme": [
        "This file locks the dependencies of your project to a known state",
        "Read more about it at https://getcomposer.org/doc/01-basic-usage.md#composer-lock-the-lock-file",
        "This file is @generated automatically"
    ],
    "content-hash": "3b481eedd85a1ad734a913541f0da1c7",
    "packages": [
        {
            "name": "patreon/patreon",
            "version": "0.1.0",
            "source": {
                "type": "git",
                "url": "https://github.com/Patreon/patreon-php.git",
                "reference": "2283c1295cafd49d509da7ac878db9489d2fe913"
            },
            "dist": {
                "type": "zip",
                "url": "https://api.github.com/repos/Patreon/patreon-php/zipball/2283c1295cafd49d509da7ac878db9489d2fe913",
                "reference": "2283c1295cafd49d509da7ac878db9489d2fe913",
                "shasum": ""
            },
            "require": {
                "php": ">=5.3.0"
            },
            "type": "library",
            "autoload": {
                "psr-0": {
                    "Patreon": "src/"
                }
            },
            "notification-url": "https://packagist.org/downloads/",
            "license": [
                "MIT"
            ],
            "authors": [
                {
                    "name": "David Kettler",
                    "email": "david@patreon.com"
                }
            ],
            "description": "Interact with the Patreon API via OAuth",
            "time": "2015-12-16T19:34:11+00:00"
        }
    ],
    "packages-dev": [],
    "aliases": [],
    "minimum-stability": "stable",
    "stability-flags": [],
    "prefer-stable": false,
    "prefer-lowest": false,
    "platform": [],
    "platform-dev": []
}
